<Solution>
  <Folder Name="/src/">
    <Project Path="src/SalonCRM.Client/SalonCRM.Client.csproj" />
    <Project Path="src/SalonCRM.Models/SalonCRM.Models.csproj" />
    <Project Path="src/SalonCRM.Server/SalonCRM.Server.csproj" />
  </Folder>
  <Folder Name="/tests/">
    <Project Path="tests/SalonCRM.Tests/SalonCRM.Tests.csproj" />
  </Folder>
</Solution>
